github.com/fogfish/golem/trait v0.1.0 h1:aMQaDJe27jq3KBFpw2/BAbyajXy1PEoJVoJRt//RBwA=
github.com/fogfish/golem/trait v0.1.0/go.mod h1:MLcG+cb4EQvdvyW/dFUpm+1WWsmS/khiOlfs7Eoe1ko=
github.com/fogfish/it/v2 v2.0.1 h1:vu3kV2xzYDPHoMHMABxXeu5CoMcTfRc4gkWkzOUkRJY=
github.com/fogfish/it/v2 v2.0.1/go.mod h1:h5FdKaEQT4sUEykiVkB8VV4jX27XabFVeWhoDZaRZtE=
